
Microsoft Visual Studio Solution File, Format Version 12.00
# Visual Studio Version 17
VisualStudioVersion = 17.5.33516.290
MinimumVisualStudioVersion = 10.0.40219.1
Project("{54A90642-561A-4BB1-A94E-469ADEE60C69}") = "vueapp", "vueapp\vueapp.esproj", "{6B909C1D-C1FD-4E25-9A62-95DCAF569EA6}"
EndProject
Project("{9A19103F-16F7-4668-BE54-9A1E7A4F7556}") = "webapi", "webapi\webapi.csproj", "{AC4E92A0-678D-4F90-AB1A-35C7FC0419E2}"
EndProject
Project("{FAE04EC0-301F-11D3-BF4B-00C04F79EFBC}") = "DM365News.Database", "DM365News.Database\DM365News.Database.csproj", "{69D5BD6C-5FA0-4D92-88CE-C47ECE275A72}"
EndProject
Project("{FAE04EC0-301F-11D3-BF4B-00C04F79EFBC}") = "DM365News.Entities", "DM365News.Entities\DM365News.Entities.csproj", "{0C80939A-9F15-49B8-A507-A54178B4FCE9}"
EndProject
Project("{FAE04EC0-301F-11D3-BF4B-00C04F79EFBC}") = "DM365News.Services", "DM365News.Services\DM365News.Services.csproj", "{FA4B11FF-4937-4FD8-92C2-90BCB763BBFA}"
EndProject
Global
	GlobalSection(SolutionConfigurationPlatforms) = preSolution
		Debug|Any CPU = Debug|Any CPU
		Release|Any CPU = Release|Any CPU
	EndGlobalSection
	GlobalSection(ProjectConfigurationPlatforms) = postSolution
		{6B909C1D-C1FD-4E25-9A62-95DCAF569EA6}.Debug|Any CPU.ActiveCfg = Debug|Any CPU
		{6B909C1D-C1FD-4E25-9A62-95DCAF569EA6}.Debug|Any CPU.Build.0 = Debug|Any CPU
		{6B909C1D-C1FD-4E25-9A62-95DCAF569EA6}.Debug|Any CPU.Deploy.0 = Debug|Any CPU
		{6B909C1D-C1FD-4E25-9A62-95DCAF569EA6}.Release|Any CPU.ActiveCfg = Release|Any CPU
		{6B909C1D-C1FD-4E25-9A62-95DCAF569EA6}.Release|Any CPU.Build.0 = Release|Any CPU
		{6B909C1D-C1FD-4E25-9A62-95DCAF569EA6}.Release|Any CPU.Deploy.0 = Release|Any CPU
		{AC4E92A0-678D-4F90-AB1A-35C7FC0419E2}.Debug|Any CPU.ActiveCfg = Debug|Any CPU
		{AC4E92A0-678D-4F90-AB1A-35C7FC0419E2}.Debug|Any CPU.Build.0 = Debug|Any CPU
		{AC4E92A0-678D-4F90-AB1A-35C7FC0419E2}.Release|Any CPU.ActiveCfg = Release|Any CPU
		{AC4E92A0-678D-4F90-AB1A-35C7FC0419E2}.Release|Any CPU.Build.0 = Release|Any CPU
		{69D5BD6C-5FA0-4D92-88CE-C47ECE275A72}.Debug|Any CPU.ActiveCfg = Debug|Any CPU
		{69D5BD6C-5FA0-4D92-88CE-C47ECE275A72}.Debug|Any CPU.Build.0 = Debug|Any CPU
		{69D5BD6C-5FA0-4D92-88CE-C47ECE275A72}.Release|Any CPU.ActiveCfg = Release|Any CPU
		{69D5BD6C-5FA0-4D92-88CE-C47ECE275A72}.Release|Any CPU.Build.0 = Release|Any CPU
		{0C80939A-9F15-49B8-A507-A54178B4FCE9}.Debug|Any CPU.ActiveCfg = Debug|Any CPU
		{0C80939A-9F15-49B8-A507-A54178B4FCE9}.Debug|Any CPU.Build.0 = Debug|Any CPU
		{0C80939A-9F15-49B8-A507-A54178B4FCE9}.Release|Any CPU.ActiveCfg = Release|Any CPU
		{0C80939A-9F15-49B8-A507-A54178B4FCE9}.Release|Any CPU.Build.0 = Release|Any CPU
		{FA4B11FF-4937-4FD8-92C2-90BCB763BBFA}.Debug|Any CPU.ActiveCfg = Debug|Any CPU
		{FA4B11FF-4937-4FD8-92C2-90BCB763BBFA}.Debug|Any CPU.Build.0 = Debug|Any CPU
		{FA4B11FF-4937-4FD8-92C2-90BCB763BBFA}.Release|Any CPU.ActiveCfg = Release|Any CPU
		{FA4B11FF-4937-4FD8-92C2-90BCB763BBFA}.Release|Any CPU.Build.0 = Release|Any CPU
	EndGlobalSection
	GlobalSection(SolutionProperties) = preSolution
		HideSolutionNode = FALSE
	EndGlobalSection
	GlobalSection(ExtensibilityGlobals) = postSolution
		SolutionGuid = {6AE92A19-70CE-4B93-85F7-83EED538DA75}
	EndGlobalSection
EndGlobal
